
Microsoft Visual Studio Solution File, Format Version 12.00
# Visual Studio Version 17
VisualStudioVersion = 17.3.32804.467
MinimumVisualStudioVersion = 10.0.40219.1
Project("{FAE04EC0-301F-11D3-BF4B-00C04F79EFBC}") = "CashMachine", "CashMachine\CashMachine.csproj", "{6FE73C34-085E-40EB-9BA4-D3E25D913904}"
EndProject
Global
	GlobalSection(SolutionConfigurationPlatforms) = preSolution
		Debug|Any CPU = Debug|Any CPU
		Release|Any CPU = Release|Any CPU
	EndGlobalSection
	GlobalSection(ProjectConfigurationPlatforms) = postSolution
		{6FE73C34-085E-40EB-9BA4-D3E25D913904}.Debug|Any CPU.ActiveCfg = Debug|Any CPU
		{6FE73C34-085E-40EB-9BA4-D3E25D913904}.Debug|Any CPU.Build.0 = Debug|Any CPU
		{6FE73C34-085E-40EB-9BA4-D3E25D913904}.Release|Any CPU.ActiveCfg = Release|Any CPU
		{6FE73C34-085E-40EB-9BA4-D3E25D913904}.Release|Any CPU.Build.0 = Release|Any CPU
	EndGlobalSection
	GlobalSection(SolutionProperties) = preSolution
		HideSolutionNode = FALSE
	EndGlobalSection
	GlobalSection(ExtensibilityGlobals) = postSolution
		SolutionGuid = {943A9224-09F5-40FE-9C86-7F1C34F8E2D4}
	EndGlobalSection
EndGlobal
